
Microsoft Visual Studio Solution File, Format Version 12.00
# Visual Studio Version 17
VisualStudioVersion = 17.2.32616.157
MinimumVisualStudioVersion = 10.0.40219.1
Project("{9A19103F-16F7-4668-BE54-9A1E7A4F7556}") = "TKWF.Common", "Common\TKWF.Common.csproj", "{C6050D20-53F8-42DA-9747-EA4C0CBB0B0A}"
EndProject
Project("{9A19103F-16F7-4668-BE54-9A1E7A4F7556}") = "TKWF.Cryptography", "Cryptography\TKWF.Cryptography.csproj", "{D7964AE5-7F15-4814-8BF0-3CC49F1BC2C3}"
EndProject
Project("{9A19103F-16F7-4668-BE54-9A1E7A4F7556}") = "TKWF.Domain", "Domain\TKWF.Domain.csproj", "{3178BEA0-4FF1-4F1F-BE8C-D529A9E1E41B}"
EndProject
Project("{2150E333-8FDC-42A3-9474-1A3956D46DE8}") = "Framework", "Framework", "{50553A17-FEAD-4A65-B98C-2991B1CA272E}"
EndProject
Project("{2150E333-8FDC-42A3-9474-1A3956D46DE8}") = "Test", "Test", "{979D51DA-54DE-40F6-9068-2B5097018A24}"
EndProject
Project("{9A19103F-16F7-4668-BE54-9A1E7A4F7556}") = "DomainTest", "Test\DomainTest\DomainTest.csproj", "{1ACCD0AC-C093-4EA6-9B97-976391F55785}"
EndProject
Project("{9A19103F-16F7-4668-BE54-9A1E7A4F7556}") = "DomainTest_Test", "Test\DomainTest_Test\DomainTest_Test.csproj", "{3AD04DA7-618F-45CD-83D5-D954A05970D9}"
EndProject
Project("{9A19103F-16F7-4668-BE54-9A1E7A4F7556}") = "TKWF.Web", "Web\TKWF.Web.csproj", "{9A10F19D-40A1-488E-876B-18668BED93A8}"
EndProject
Project("{9A19103F-16F7-4668-BE54-9A1E7A4F7556}") = "TKWF.EntityFramework", "EntityFramework\TKWF.EntityFramework.csproj", "{2CDDCB25-BC3D-4FE4-AC33-8A5ED4450F78}"
EndProject
Project("{9A19103F-16F7-4668-BE54-9A1E7A4F7556}") = "BlazorAppTest", "Tests\BlazorAppTest\BlazorAppTest.csproj", "{63D92377-021A-4BC7-BF7C-1F4358270764}"
EndProject
Project("{9A19103F-16F7-4668-BE54-9A1E7A4F7556}") = "WebAPITest", "Tests\WebAPITest\WebAPITest.csproj", "{AB0BF2F4-D431-4D75-A746-1B7F95A24FBA}"
EndProject
Project("{2150E333-8FDC-42A3-9474-1A3956D46DE8}") = "AdminUI-Scaffold", "AdminUI-Scaffold", "{B43195A1-E10A-49A0-960F-A19F8B8A2B9B}"
EndProject
Project("{FAE04EC0-301F-11D3-BF4B-00C04F79EFBC}") = "TKWF.Common.Entity.Validation", "Common.Entity.Validation\TKWF.Common.Entity.Validation.csproj", "{79903B7D-4890-47A9-B078-BF4147C72803}"
EndProject
Global
	GlobalSection(SolutionConfigurationPlatforms) = preSolution
		Debug|Any CPU = Debug|Any CPU
		Debug|x64 = Debug|x64
		Release|Any CPU = Release|Any CPU
		Release|x64 = Release|x64
	EndGlobalSection
	GlobalSection(ProjectConfigurationPlatforms) = postSolution
		{C6050D20-53F8-42DA-9747-EA4C0CBB0B0A}.Debug|Any CPU.ActiveCfg = Debug|Any CPU
		{C6050D20-53F8-42DA-9747-EA4C0CBB0B0A}.Debug|Any CPU.Build.0 = Debug|Any CPU
		{C6050D20-53F8-42DA-9747-EA4C0CBB0B0A}.Debug|x64.ActiveCfg = Debug|x64
		{C6050D20-53F8-42DA-9747-EA4C0CBB0B0A}.Debug|x64.Build.0 = Debug|x64
		{C6050D20-53F8-42DA-9747-EA4C0CBB0B0A}.Release|Any CPU.ActiveCfg = Release|Any CPU
		{C6050D20-53F8-42DA-9747-EA4C0CBB0B0A}.Release|Any CPU.Build.0 = Release|Any CPU
		{C6050D20-53F8-42DA-9747-EA4C0CBB0B0A}.Release|x64.ActiveCfg = Release|x64
		{C6050D20-53F8-42DA-9747-EA4C0CBB0B0A}.Release|x64.Build.0 = Release|x64
		{D7964AE5-7F15-4814-8BF0-3CC49F1BC2C3}.Debug|Any CPU.ActiveCfg = Debug|Any CPU
		{D7964AE5-7F15-4814-8BF0-3CC49F1BC2C3}.Debug|Any CPU.Build.0 = Debug|Any CPU
		{D7964AE5-7F15-4814-8BF0-3CC49F1BC2C3}.Debug|x64.ActiveCfg = Debug|x64
		{D7964AE5-7F15-4814-8BF0-3CC49F1BC2C3}.Debug|x64.Build.0 = Debug|x64
		{D7964AE5-7F15-4814-8BF0-3CC49F1BC2C3}.Release|Any CPU.ActiveCfg = Release|Any CPU
		{D7964AE5-7F15-4814-8BF0-3CC49F1BC2C3}.Release|Any CPU.Build.0 = Release|Any CPU
		{D7964AE5-7F15-4814-8BF0-3CC49F1BC2C3}.Release|x64.ActiveCfg = Release|x64
		{D7964AE5-7F15-4814-8BF0-3CC49F1BC2C3}.Release|x64.Build.0 = Release|x64
		{3178BEA0-4FF1-4F1F-BE8C-D529A9E1E41B}.Debug|Any CPU.ActiveCfg = Debug|Any CPU
		{3178BEA0-4FF1-4F1F-BE8C-D529A9E1E41B}.Debug|Any CPU.Build.0 = Debug|Any CPU
		{3178BEA0-4FF1-4F1F-BE8C-D529A9E1E41B}.Debug|x64.ActiveCfg = Debug|x64
		{3178BEA0-4FF1-4F1F-BE8C-D529A9E1E41B}.Debug|x64.Build.0 = Debug|x64
		{3178BEA0-4FF1-4F1F-BE8C-D529A9E1E41B}.Release|Any CPU.ActiveCfg = Release|Any CPU
		{3178BEA0-4FF1-4F1F-BE8C-D529A9E1E41B}.Release|Any CPU.Build.0 = Release|Any CPU
		{3178BEA0-4FF1-4F1F-BE8C-D529A9E1E41B}.Release|x64.ActiveCfg = Release|x64
		{3178BEA0-4FF1-4F1F-BE8C-D529A9E1E41B}.Release|x64.Build.0 = Release|x64
		{1ACCD0AC-C093-4EA6-9B97-976391F55785}.Debug|Any CPU.ActiveCfg = Debug|Any CPU
		{1ACCD0AC-C093-4EA6-9B97-976391F55785}.Debug|Any CPU.Build.0 = Debug|Any CPU
		{1ACCD0AC-C093-4EA6-9B97-976391F55785}.Debug|x64.ActiveCfg = Debug|x64
		{1ACCD0AC-C093-4EA6-9B97-976391F55785}.Debug|x64.Build.0 = Debug|x64
		{1ACCD0AC-C093-4EA6-9B97-976391F55785}.Release|Any CPU.ActiveCfg = Release|Any CPU
		{1ACCD0AC-C093-4EA6-9B97-976391F55785}.Release|Any CPU.Build.0 = Release|Any CPU
		{1ACCD0AC-C093-4EA6-9B97-976391F55785}.Release|x64.ActiveCfg = Release|x64
		{1ACCD0AC-C093-4EA6-9B97-976391F55785}.Release|x64.Build.0 = Release|x64
		{3AD04DA7-618F-45CD-83D5-D954A05970D9}.Debug|Any CPU.ActiveCfg = Debug|Any CPU
		{3AD04DA7-618F-45CD-83D5-D954A05970D9}.Debug|Any CPU.Build.0 = Debug|Any CPU
		{3AD04DA7-618F-45CD-83D5-D954A05970D9}.Debug|x64.ActiveCfg = Debug|x64
		{3AD04DA7-618F-45CD-83D5-D954A05970D9}.Debug|x64.Build.0 = Debug|x64
		{3AD04DA7-618F-45CD-83D5-D954A05970D9}.Release|Any CPU.ActiveCfg = Release|Any CPU
		{3AD04DA7-618F-45CD-83D5-D954A05970D9}.Release|Any CPU.Build.0 = Release|Any CPU
		{3AD04DA7-618F-45CD-83D5-D954A05970D9}.Release|x64.ActiveCfg = Release|x64
		{3AD04DA7-618F-45CD-83D5-D954A05970D9}.Release|x64.Build.0 = Release|x64
		{9A10F19D-40A1-488E-876B-18668BED93A8}.Debug|Any CPU.ActiveCfg = Debug|Any CPU
		{9A10F19D-40A1-488E-876B-18668BED93A8}.Debug|Any CPU.Build.0 = Debug|Any CPU
		{9A10F19D-40A1-488E-876B-18668BED93A8}.Debug|x64.ActiveCfg = Debug|x64
		{9A10F19D-40A1-488E-876B-18668BED93A8}.Debug|x64.Build.0 = Debug|x64
		{9A10F19D-40A1-488E-876B-18668BED93A8}.Release|Any CPU.ActiveCfg = Release|Any CPU
		{9A10F19D-40A1-488E-876B-18668BED93A8}.Release|Any CPU.Build.0 = Release|Any CPU
		{9A10F19D-40A1-488E-876B-18668BED93A8}.Release|x64.ActiveCfg = Release|x64
		{9A10F19D-40A1-488E-876B-18668BED93A8}.Release|x64.Build.0 = Release|x64
		{2CDDCB25-BC3D-4FE4-AC33-8A5ED4450F78}.Debug|Any CPU.ActiveCfg = Debug|Any CPU
		{2CDDCB25-BC3D-4FE4-AC33-8A5ED4450F78}.Debug|Any CPU.Build.0 = Debug|Any CPU
		{2CDDCB25-BC3D-4FE4-AC33-8A5ED4450F78}.Debug|x64.ActiveCfg = Debug|x64
		{2CDDCB25-BC3D-4FE4-AC33-8A5ED4450F78}.Debug|x64.Build.0 = Debug|x64
		{2CDDCB25-BC3D-4FE4-AC33-8A5ED4450F78}.Release|Any CPU.ActiveCfg = Release|Any CPU
		{2CDDCB25-BC3D-4FE4-AC33-8A5ED4450F78}.Release|Any CPU.Build.0 = Release|Any CPU
		{2CDDCB25-BC3D-4FE4-AC33-8A5ED4450F78}.Release|x64.ActiveCfg = Release|x64
		{2CDDCB25-BC3D-4FE4-AC33-8A5ED4450F78}.Release|x64.Build.0 = Release|x64
		{63D92377-021A-4BC7-BF7C-1F4358270764}.Debug|Any CPU.ActiveCfg = Debug|Any CPU
		{63D92377-021A-4BC7-BF7C-1F4358270764}.Debug|Any CPU.Build.0 = Debug|Any CPU
		{63D92377-021A-4BC7-BF7C-1F4358270764}.Debug|x64.ActiveCfg = Debug|x64
		{63D92377-021A-4BC7-BF7C-1F4358270764}.Debug|x64.Build.0 = Debug|x64
		{63D92377-021A-4BC7-BF7C-1F4358270764}.Release|Any CPU.ActiveCfg = Release|Any CPU
		{63D92377-021A-4BC7-BF7C-1F4358270764}.Release|Any CPU.Build.0 = Release|Any CPU
		{63D92377-021A-4BC7-BF7C-1F4358270764}.Release|x64.ActiveCfg = Release|x64
		{63D92377-021A-4BC7-BF7C-1F4358270764}.Release|x64.Build.0 = Release|x64
		{AB0BF2F4-D431-4D75-A746-1B7F95A24FBA}.Debug|Any CPU.ActiveCfg = Debug|Any CPU
		{AB0BF2F4-D431-4D75-A746-1B7F95A24FBA}.Debug|Any CPU.Build.0 = Debug|Any CPU
		{AB0BF2F4-D431-4D75-A746-1B7F95A24FBA}.Debug|x64.ActiveCfg = Debug|x64
		{AB0BF2F4-D431-4D75-A746-1B7F95A24FBA}.Debug|x64.Build.0 = Debug|x64
		{AB0BF2F4-D431-4D75-A746-1B7F95A24FBA}.Release|Any CPU.ActiveCfg = Release|Any CPU
		{AB0BF2F4-D431-4D75-A746-1B7F95A24FBA}.Release|Any CPU.Build.0 = Release|Any CPU
		{AB0BF2F4-D431-4D75-A746-1B7F95A24FBA}.Release|x64.ActiveCfg = Release|x64
		{AB0BF2F4-D431-4D75-A746-1B7F95A24FBA}.Release|x64.Build.0 = Release|x64
		{79903B7D-4890-47A9-B078-BF4147C72803}.Debug|Any CPU.ActiveCfg = Debug|Any CPU
		{79903B7D-4890-47A9-B078-BF4147C72803}.Debug|Any CPU.Build.0 = Debug|Any CPU
		{79903B7D-4890-47A9-B078-BF4147C72803}.Debug|x64.ActiveCfg = Debug|Any CPU
		{79903B7D-4890-47A9-B078-BF4147C72803}.Debug|x64.Build.0 = Debug|Any CPU
		{79903B7D-4890-47A9-B078-BF4147C72803}.Release|Any CPU.ActiveCfg = Release|Any CPU
		{79903B7D-4890-47A9-B078-BF4147C72803}.Release|Any CPU.Build.0 = Release|Any CPU
		{79903B7D-4890-47A9-B078-BF4147C72803}.Release|x64.ActiveCfg = Release|Any CPU
		{79903B7D-4890-47A9-B078-BF4147C72803}.Release|x64.Build.0 = Release|Any CPU
	EndGlobalSection
	GlobalSection(SolutionProperties) = preSolution
		HideSolutionNode = FALSE
	EndGlobalSection
	GlobalSection(NestedProjects) = preSolution
		{C6050D20-53F8-42DA-9747-EA4C0CBB0B0A} = {50553A17-FEAD-4A65-B98C-2991B1CA272E}
		{D7964AE5-7F15-4814-8BF0-3CC49F1BC2C3} = {50553A17-FEAD-4A65-B98C-2991B1CA272E}
		{3178BEA0-4FF1-4F1F-BE8C-D529A9E1E41B} = {50553A17-FEAD-4A65-B98C-2991B1CA272E}
		{1ACCD0AC-C093-4EA6-9B97-976391F55785} = {979D51DA-54DE-40F6-9068-2B5097018A24}
		{3AD04DA7-618F-45CD-83D5-D954A05970D9} = {979D51DA-54DE-40F6-9068-2B5097018A24}
		{9A10F19D-40A1-488E-876B-18668BED93A8} = {50553A17-FEAD-4A65-B98C-2991B1CA272E}
		{2CDDCB25-BC3D-4FE4-AC33-8A5ED4450F78} = {50553A17-FEAD-4A65-B98C-2991B1CA272E}
		{63D92377-021A-4BC7-BF7C-1F4358270764} = {979D51DA-54DE-40F6-9068-2B5097018A24}
		{AB0BF2F4-D431-4D75-A746-1B7F95A24FBA} = {979D51DA-54DE-40F6-9068-2B5097018A24}
		{79903B7D-4890-47A9-B078-BF4147C72803} = {50553A17-FEAD-4A65-B98C-2991B1CA272E}
	EndGlobalSection
	GlobalSection(ExtensibilityGlobals) = postSolution
		SolutionGuid = {987B02B6-AD15-49EE-94D9-05515AE776AE}
	EndGlobalSection
EndGlobal
